// !$*UTF8*$!
{
	archiveVersion = 1;
	classes = {
	};
	objectVersion = 46;
	objects = {

/* Begin PBXBuildFile section */
		022C9E1FCA23B42A05823665 /* Pods_Pantry_Pal.framework in Frameworks */ = {isa = PBXBuildFile; fileRef = D128E7D3F8567DECD0B6B994 /* Pods_Pantry_Pal.framework */; };
		030407E81DE14317009038AF /* ScrollViewController.swift in Sources */ = {isa = PBXBuildFile; fileRef = 030407E71DE14317009038AF /* ScrollViewController.swift */; };
		030407EA1DE14335009038AF /* Retriever.swift in Sources */ = {isa = PBXBuildFile; fileRef = 030407E91DE14335009038AF /* Retriever.swift */; };
		030407EC1DE14347009038AF /* Receipt.swift in Sources */ = {isa = PBXBuildFile; fileRef = 030407EB1DE14347009038AF /* Receipt.swift */; };
		D83E862B1DDB8745004672A6 /* PantryViewController.swift in Sources */ = {isa = PBXBuildFile; fileRef = D83E862A1DDB8745004672A6 /* PantryViewController.swift */; };
		D8589F831DCE8840005AD18B /* IPDFCameraViewController.m in Sources */ = {isa = PBXBuildFile; fileRef = D8589F821DCE8840005AD18B /* IPDFCameraViewController.m */; };
		D8AFB4371DCE8E30000F84CE /* CameraViewController.swift in Sources */ = {isa = PBXBuildFile; fileRef = D8AFB4361DCE8E30000F84CE /* CameraViewController.swift */; };
		D8D8E46C1DE27A0A00E08103 /* ProgressHUD.swift in Sources */ = {isa = PBXBuildFile; fileRef = D8D8E46B1DE27A0A00E08103 /* ProgressHUD.swift */; };
		D8D8E46E1DE2A3E100E08103 /* PantryTableViewCell.swift in Sources */ = {isa = PBXBuildFile; fileRef = D8D8E46D1DE2A3E100E08103 /* PantryTableViewCell.swift */; };
		D8FF9B611DA3FA0400663BA6 /* AppDelegate.swift in Sources */ = {isa = PBXBuildFile; fileRef = D8FF9B601DA3FA0400663BA6 /* AppDelegate.swift */; };
		D8FF9B681DA3FA0400663BA6 /* Assets.xcassets in Resources */ = {isa = PBXBuildFile; fileRef = D8FF9B671DA3FA0400663BA6 /* Assets.xcassets */; };
		D8FF9B6B1DA3FA0400663BA6 /* LaunchScreen.storyboard in Resources */ = {isa = PBXBuildFile; fileRef = D8FF9B691DA3FA0400663BA6 /* LaunchScreen.storyboard */; };
		D8FF9B751DA3FA4800663BA6 /* MenuViewController.swift in Sources */ = {isa = PBXBuildFile; fileRef = D8FF9B721DA3FA4800663BA6 /* MenuViewController.swift */; };
		D8FF9B761DA3FA4800663BA6 /* Main.storyboard in Resources */ = {isa = PBXBuildFile; fileRef = D8FF9B731DA3FA4800663BA6 /* Main.storyboard */; };
/* End PBXBuildFile section */

/* Begin PBXCopyFilesBuildPhase section */
		D833D1C41DCFF6B400AD814B /* Embed Frameworks */ = {
			isa = PBXCopyFilesBuildPhase;
			buildActionMask = 2147483647;
			dstPath = "";
			dstSubfolderSpec = 10;
			files = (
			);
			name = "Embed Frameworks";
			runOnlyForDeploymentPostprocessing = 0;
		};
/* End PBXCopyFilesBuildPhase section */

/* Begin PBXFileReference section */
		030407E71DE14317009038AF /* ScrollViewController.swift */ = {isa = PBXFileReference; fileEncoding = 4; lastKnownFileType = sourcecode.swift; path = ScrollViewController.swift; sourceTree = "<group>"; };
		030407E91DE14335009038AF /* Retriever.swift */ = {isa = PBXFileReference; fileEncoding = 4; lastKnownFileType = sourcecode.swift; path = Retriever.swift; sourceTree = "<group>"; };
		030407EB1DE14347009038AF /* Receipt.swift */ = {isa = PBXFileReference; fileEncoding = 4; lastKnownFileType = sourcecode.swift; path = Receipt.swift; sourceTree = "<group>"; };
		5DA35ECCC27C328086AB46F9 /* Pods-Pantry Pal.release.xcconfig */ = {isa = PBXFileReference; includeInIndex = 1; lastKnownFileType = text.xcconfig; name = "Pods-Pantry Pal.release.xcconfig"; path = "Pods/Target Support Files/Pods-Pantry Pal/Pods-Pantry Pal.release.xcconfig"; sourceTree = "<group>"; };
		7B5100CEEC35B77119F9C361 /* Pods-Pantry Pal.debug.xcconfig */ = {isa = PBXFileReference; includeInIndex = 1; lastKnownFileType = text.xcconfig; name = "Pods-Pantry Pal.debug.xcconfig"; path = "Pods/Target Support Files/Pods-Pantry Pal/Pods-Pantry Pal.debug.xcconfig"; sourceTree = "<group>"; };
		D128E7D3F8567DECD0B6B994 /* Pods_Pantry_Pal.framework */ = {isa = PBXFileReference; explicitFileType = wrapper.framework; includeInIndex = 0; path = Pods_Pantry_Pal.framework; sourceTree = BUILT_PRODUCTS_DIR; };
		D83E862A1DDB8745004672A6 /* PantryViewController.swift */ = {isa = PBXFileReference; fileEncoding = 4; lastKnownFileType = sourcecode.swift; path = PantryViewController.swift; sourceTree = "<group>"; };
		D8589F801DCE883F005AD18B /* Pantry Pal-Bridging-Header.h */ = {isa = PBXFileReference; lastKnownFileType = sourcecode.c.h; path = "Pantry Pal-Bridging-Header.h"; sourceTree = "<group>"; };
		D8589F811DCE8840005AD18B /* IPDFCameraViewController.h */ = {isa = PBXFileReference; fileEncoding = 4; lastKnownFileType = sourcecode.c.h; path = IPDFCameraViewController.h; sourceTree = "<group>"; };
		D8589F821DCE8840005AD18B /* IPDFCameraViewController.m */ = {isa = PBXFileReference; fileEncoding = 4; lastKnownFileType = sourcecode.c.objc; path = IPDFCameraViewController.m; sourceTree = "<group>"; };
		D8AFB4361DCE8E30000F84CE /* CameraViewController.swift */ = {isa = PBXFileReference; fileEncoding = 4; lastKnownFileType = sourcecode.swift; path = CameraViewController.swift; sourceTree = "<group>"; };
		D8D8E46B1DE27A0A00E08103 /* ProgressHUD.swift */ = {isa = PBXFileReference; fileEncoding = 4; lastKnownFileType = sourcecode.swift; path = ProgressHUD.swift; sourceTree = "<group>"; };
		D8D8E46D1DE2A3E100E08103 /* PantryTableViewCell.swift */ = {isa = PBXFileReference; fileEncoding = 4; lastKnownFileType = sourcecode.swift; path = PantryTableViewCell.swift; sourceTree = "<group>"; };
		D8FF9B5D1DA3FA0400663BA6 /* Pantry Pal.app */ = {isa = PBXFileReference; explicitFileType = wrapper.application; includeInIndex = 0; path = "Pantry Pal.app"; sourceTree = BUILT_PRODUCTS_DIR; };
		D8FF9B601DA3FA0400663BA6 /* AppDelegate.swift */ = {isa = PBXFileReference; lastKnownFileType = sourcecode.swift; path = AppDelegate.swift; sourceTree = "<group>"; };
		D8FF9B671DA3FA0400663BA6 /* Assets.xcassets */ = {isa = PBXFileReference; lastKnownFileType = folder.assetcatalog; path = Assets.xcassets; sourceTree = "<group>"; };
		D8FF9B6A1DA3FA0400663BA6 /* Base */ = {isa = PBXFileReference; lastKnownFileType = file.storyboard; name = Base; path = Base.lproj/LaunchScreen.storyboard; sourceTree = "<group>"; };
		D8FF9B6C1DA3FA0400663BA6 /* Info.plist */ = {isa = PBXFileReference; lastKnownFileType = text.plist.xml; path = Info.plist; sourceTree = "<group>"; };
		D8FF9B721DA3FA4800663BA6 /* MenuViewController.swift */ = {isa = PBXFileReference; fileEncoding = 4; lastKnownFileType = sourcecode.swift; path = MenuViewController.swift; sourceTree = "<group>"; };
		D8FF9B731DA3FA4800663BA6 /* Main.storyboard */ = {isa = PBXFileReference; fileEncoding = 4; lastKnownFileType = file.storyboard; path = Main.storyboard; sourceTree = "<group>"; };
/* End PBXFileReference section */

/* Begin PBXFrameworksBuildPhase section */
		D8FF9B5A1DA3FA0400663BA6 /* Frameworks */ = {
			isa = PBXFrameworksBuildPhase;
			buildActionMask = 2147483647;
			files = (
				022C9E1FCA23B42A05823665 /* Pods_Pantry_Pal.framework in Frameworks */,
			);
			runOnlyForDeploymentPostprocessing = 0;
		};
/* End PBXFrameworksBuildPhase section */

/* Begin PBXGroup section */
		36249707791132C5F5E356EF /* Frameworks */ = {
			isa = PBXGroup;
			children = (
				D128E7D3F8567DECD0B6B994 /* Pods_Pantry_Pal.framework */,
			);
			name = Frameworks;
			sourceTree = "<group>";
		};
		B1223088E9AB732FBD47649F /* Pods */ = {
			isa = PBXGroup;
			children = (
				7B5100CEEC35B77119F9C361 /* Pods-Pantry Pal.debug.xcconfig */,
				5DA35ECCC27C328086AB46F9 /* Pods-Pantry Pal.release.xcconfig */,
			);
			name = Pods;
			sourceTree = "<group>";
		};
		D8FF9B541DA3FA0400663BA6 = {
			isa = PBXGroup;
			children = (
				D8FF9B5F1DA3FA0400663BA6 /* Pantry Pal */,
				D8FF9B5E1DA3FA0400663BA6 /* Products */,
				B1223088E9AB732FBD47649F /* Pods */,
				36249707791132C5F5E356EF /* Frameworks */,
			);
			sourceTree = "<group>";
		};
		D8FF9B5E1DA3FA0400663BA6 /* Products */ = {
			isa = PBXGroup;
			children = (
				D8FF9B5D1DA3FA0400663BA6 /* Pantry Pal.app */,
			);
			name = Products;
			sourceTree = "<group>";
		};
		D8FF9B5F1DA3FA0400663BA6 /* Pantry Pal */ = {
			isa = PBXGroup;
			children = (
				D8AFB4361DCE8E30000F84CE /* CameraViewController.swift */,
				D83E862A1DDB8745004672A6 /* PantryViewController.swift */,
				030407E71DE14317009038AF /* ScrollViewController.swift */,
				D8FF9B601DA3FA0400663BA6 /* AppDelegate.swift */,
				D8FF9B721DA3FA4800663BA6 /* MenuViewController.swift */,
				D8FF9B731DA3FA4800663BA6 /* Main.storyboard */,
				D8FF9B671DA3FA0400663BA6 /* Assets.xcassets */,
				D8FF9B691DA3FA0400663BA6 /* LaunchScreen.storyboard */,
				D8FF9B6C1DA3FA0400663BA6 /* Info.plist */,
				D8589F811DCE8840005AD18B /* IPDFCameraViewController.h */,
				D8589F821DCE8840005AD18B /* IPDFCameraViewController.m */,
				D8589F801DCE883F005AD18B /* Pantry Pal-Bridging-Header.h */,
				030407E91DE14335009038AF /* Retriever.swift */,
				030407EB1DE14347009038AF /* Receipt.swift */,
				D8D8E46B1DE27A0A00E08103 /* ProgressHUD.swift */,
				D8D8E46D1DE2A3E100E08103 /* PantryTableViewCell.swift */,
			);
			path = "Pantry Pal";
			sourceTree = "<group>";
		};
/* End PBXGroup section */

/* Begin PBXNativeTarget section */
		D8FF9B5C1DA3FA0400663BA6 /* Pantry Pal */ = {
			isa = PBXNativeTarget;
			buildConfigurationList = D8FF9B6F1DA3FA0400663BA6 /* Build configuration list for PBXNativeTarget "Pantry Pal" */;
			buildPhases = (
				481680DC24A2874836BAA7E1 /* [CP] Check Pods Manifest.lock */,
				D8FF9B591DA3FA0400663BA6 /* Sources */,
				D8FF9B5A1DA3FA0400663BA6 /* Frameworks */,
				D8FF9B5B1DA3FA0400663BA6 /* Resources */,
				D833D1C41DCFF6B400AD814B /* Embed Frameworks */,
				FFBC12D472DB595695491B8F /* [CP] Embed Pods Frameworks */,
				7DF03E3CE79B45B6AB866654 /* [CP] Copy Pods Resources */,
			);
			buildRules = (
			);
			dependencies = (
			);
			name = "Pantry Pal";
			productName = "Pantry Pal";
			productReference = D8FF9B5D1DA3FA0400663BA6 /* Pantry Pal.app */;
			productType = "com.apple.product-type.application";
		};
/* End PBXNativeTarget section */

/* Begin PBXProject section */
		D8FF9B551DA3FA0400663BA6 /* Project object */ = {
			isa = PBXProject;
			attributes = {
				LastSwiftUpdateCheck = 0730;
				LastUpgradeCheck = 0810;
				ORGANIZATIONNAME = 407;
				TargetAttributes = {
					D8FF9B5C1DA3FA0400663BA6 = {
						CreatedOnToolsVersion = 7.3.1;
						DevelopmentTeam = Z9M2F36B5A;
						LastSwiftMigration = 0810;
						ProvisioningStyle = Automatic;
					};
				};
			};
			buildConfigurationList = D8FF9B581DA3FA0400663BA6 /* Build configuration list for PBXProject "Pantry Pal" */;
			compatibilityVersion = "Xcode 3.2";
			developmentRegion = English;
			hasScannedForEncodings = 0;
			knownRegions = (
				en,
				Base,
			);
			mainGroup = D8FF9B541DA3FA0400663BA6;
			productRefGroup = D8FF9B5E1DA3FA0400663BA6 /* Products */;
			projectDirPath = "";
			projectRoot = "";
			targets = (
				D8FF9B5C1DA3FA0400663BA6 /* Pantry Pal */,
			);
		};
/* End PBXProject section */

/* Begin PBXResourcesBuildPhase section */
		D8FF9B5B1DA3FA0400663BA6 /* Resources */ = {
			isa = PBXResourcesBuildPhase;
			buildActionMask = 2147483647;
			files = (
				D8FF9B761DA3FA4800663BA6 /* Main.storyboard in Resources */,
				D8FF9B6B1DA3FA0400663BA6 /* LaunchScreen.storyboard in Resources */,
				D8FF9B681DA3FA0400663BA6 /* Assets.xcassets in Resources */,
			);
			runOnlyForDeploymentPostprocessing = 0;
		};
/* End PBXResourcesBuildPhase section */

/* Begin PBXShellScriptBuildPhase section */
		481680DC24A2874836BAA7E1 /* [CP] Check Pods Manifest.lock */ = {
			isa = PBXShellScriptBuildPhase;
			buildActionMask = 2147483647;
			files = (
			);
			inputPaths = (
			);
			name = "[CP] Check Pods Manifest.lock";
			outputPaths = (
			);
			runOnlyForDeploymentPostprocessing = 0;
			shellPath = /bin/sh;
			shellScript = "diff \"${PODS_ROOT}/../Podfile.lock\" \"${PODS_ROOT}/Manifest.lock\" > /dev/null\nif [ $? != 0 ] ; then\n    # print error to STDERR\n    echo \"error: The sandbox is not in sync with the Podfile.lock. Run 'pod install' or update your CocoaPods installation.\" >&2\n    exit 1\nfi\n";
			showEnvVarsInLog = 0;
		};
		7DF03E3CE79B45B6AB866654 /* [CP] Copy Pods Resources */ = {
			isa = PBXShellScriptBuildPhase;
			buildActionMask = 2147483647;
			files = (
			);
			inputPaths = (
			);
			name = "[CP] Copy Pods Resources";
			outputPaths = (
			);
			runOnlyForDeploymentPostprocessing = 0;
			shellPath = /bin/sh;
			shellScript = "\"${SRCROOT}/Pods/Target Support Files/Pods-Pantry Pal/Pods-Pantry Pal-resources.sh\"\n";
			showEnvVarsInLog = 0;
		};
		FFBC12D472DB595695491B8F /* [CP] Embed Pods Frameworks */ = {
			isa = PBXShellScriptBuildPhase;
			buildActionMask = 2147483647;
			files = (
			);
			inputPaths = (
			);
			name = "[CP] Embed Pods Frameworks";
			outputPaths = (
			);
			runOnlyForDeploymentPostprocessing = 0;
			shellPath = /bin/sh;
			shellScript = "\"${SRCROOT}/Pods/Target Support Files/Pods-Pantry Pal/Pods-Pantry Pal-frameworks.sh\"\n";
			showEnvVarsInLog = 0;
		};
/* End PBXShellScriptBuildPhase section */

/* Begin PBXSourcesBuildPhase section */
		D8FF9B591DA3FA0400663BA6 /* Sources */ = {
			isa = PBXSourcesBuildPhase;
			buildActionMask = 2147483647;
			files = (
				D8589F831DCE8840005AD18B /* IPDFCameraViewController.m in Sources */,
				030407E81DE14317009038AF /* ScrollViewController.swift in Sources */,
				D8D8E46C1DE27A0A00E08103 /* ProgressHUD.swift in Sources */,
				D8FF9B611DA3FA0400663BA6 /* AppDelegate.swift in Sources */,
				D8FF9B751DA3FA4800663BA6 /* MenuViewController.swift in Sources */,
				D8D8E46E1DE2A3E100E08103 /* PantryTableViewCell.swift in Sources */,
				030407EC1DE14347009038AF /* Receipt.swift in Sources */,
				D8AFB4371DCE8E30000F84CE /* CameraViewController.swift in Sources */,
				030407EA1DE14335009038AF /* Retriever.swift in Sources */,
				D83E862B1DDB8745004672A6 /* PantryViewController.swift in Sources */,
			);
			runOnlyForDeploymentPostprocessing = 0;
		};
/* End PBXSourcesBuildPhase section */

/* Begin PBXVariantGroup section */
		D8FF9B691DA3FA0400663BA6 /* LaunchScreen.storyboard */ = {
			isa = PBXVariantGroup;
			children = (
				D8FF9B6A1DA3FA0400663BA6 /* Base */,
			);
			name = LaunchScreen.storyboard;
			sourceTree = "<group>";
		};
/* End PBXVariantGroup section */

/* Begin XCBuildConfiguration section */
		D8FF9B6D1DA3FA0400663BA6 /* Debug */ = {
			isa = XCBuildConfiguration;
			buildSettings = {
				ALWAYS_SEARCH_USER_PATHS = NO;
				CLANG_ANALYZER_NONNULL = YES;
				CLANG_CXX_LANGUAGE_STANDARD = "gnu++0x";
				CLANG_CXX_LIBRARY = "libc++";
				CLANG_ENABLE_MODULES = YES;
				CLANG_ENABLE_OBJC_ARC = YES;
				CLANG_WARN_BOOL_CONVERSION = YES;
				CLANG_WARN_CONSTANT_CONVERSION = YES;
				CLANG_WARN_DIRECT_OBJC_ISA_USAGE = YES_ERROR;
				CLANG_WARN_EMPTY_BODY = YES;
				CLANG_WARN_ENUM_CONVERSION = YES;
				CLANG_WARN_INFINITE_RECURSION = YES;
				CLANG_WARN_INT_CONVERSION = YES;
				CLANG_WARN_OBJC_ROOT_CLASS = YES_ERROR;
				CLANG_WARN_SUSPICIOUS_MOVE = YES;
				CLANG_WARN_UNREACHABLE_CODE = YES;
				CLANG_WARN__DUPLICATE_METHOD_MATCH = YES;
				CODE_SIGN_IDENTITY = "iPhone Developer";
				"CODE_SIGN_IDENTITY[sdk=iphoneos*]" = "iPhone Developer";
				COPY_PHASE_STRIP = NO;
				DEBUG_INFORMATION_FORMAT = dwarf;
				ENABLE_STRICT_OBJC_MSGSEND = YES;
				ENABLE_TESTABILITY = YES;
				GCC_C_LANGUAGE_STANDARD = gnu99;
				GCC_DYNAMIC_NO_PIC = NO;
				GCC_NO_COMMON_BLOCKS = YES;
				GCC_OPTIMIZATION_LEVEL = 0;
				GCC_PREPROCESSOR_DEFINITIONS = (
					"DEBUG=1",
					"$(inherited)",
				);
				GCC_WARN_64_TO_32_BIT_CONVERSION = YES;
				GCC_WARN_ABOUT_RETURN_TYPE = YES_ERROR;
				GCC_WARN_UNDECLARED_SELECTOR = YES;
				GCC_WARN_UNINITIALIZED_AUTOS = YES_AGGRESSIVE;
				GCC_WARN_UNUSED_FUNCTION = YES;
				GCC_WARN_UNUSED_VARIABLE = YES;
				IPHONEOS_DEPLOYMENT_TARGET = 10.0;
				MTL_ENABLE_DEBUG_INFO = YES;
				ONLY_ACTIVE_ARCH = YES;
				PROVISIONING_PROFILE_SPECIFIER = Automatic;
				SDKROOT = iphoneos;
				SWIFT_OPTIMIZATION_LEVEL = "-Onone";
			};
			name = Debug;
		};
		D8FF9B6E1DA3FA0400663BA6 /* Release */ = {
			isa = XCBuildConfiguration;
			buildSettings = {
				ALWAYS_SEARCH_USER_PATHS = NO;
				CLANG_ANALYZER_NONNULL = YES;
				CLANG_CXX_LANGUAGE_STANDARD = "gnu++0x";
				CLANG_CXX_LIBRARY = "libc++";
				CLANG_ENABLE_MODULES = YES;
				CLANG_ENABLE_OBJC_ARC = YES;
				CLANG_WARN_BOOL_CONVERSION = YES;
				CLANG_WARN_CONSTANT_CONVERSION = YES;
				CLANG_WARN_DIRECT_OBJC_ISA_USAGE = YES_ERROR;
				CLANG_WARN_EMPTY_BODY = YES;
				CLANG_WARN_ENUM_CONVERSION = YES;
				CLANG_WARN_INFINITE_RECURSION = YES;
				CLANG_WARN_INT_CONVERSION = YES;
				CLANG_WARN_OBJC_ROOT_CLASS = YES_ERROR;
				CLANG_WARN_SUSPICIOUS_MOVE = YES;
				CLANG_WARN_UNREACHABLE_CODE = YES;
				CLANG_WARN__DUPLICATE_METHOD_MATCH = YES;
				CODE_SIGN_IDENTITY = "iPhone Developer";
				"CODE_SIGN_IDENTITY[sdk=iphoneos*]" = "iPhone Developer";
				COPY_PHASE_STRIP = NO;
				DEBUG_INFORMATION_FORMAT = "dwarf-with-dsym";
				ENABLE_NS_ASSERTIONS = NO;
				ENABLE_STRICT_OBJC_MSGSEND = YES;
				GCC_C_LANGUAGE_STANDARD = gnu99;
				GCC_NO_COMMON_BLOCKS = YES;
				GCC_WARN_64_TO_32_BIT_CONVERSION = YES;
				GCC_WARN_ABOUT_RETURN_TYPE = YES_ERROR;
				GCC_WARN_UNDECLARED_SELECTOR = YES;
				GCC_WARN_UNINITIALIZED_AUTOS = YES_AGGRESSIVE;
				GCC_WARN_UNUSED_FUNCTION = YES;
				GCC_WARN_UNUSED_VARIABLE = YES;
				IPHONEOS_DEPLOYMENT_TARGET = 10.0;
				MTL_ENABLE_DEBUG_INFO = NO;
				PROVISIONING_PROFILE_SPECIFIER = Automatic;
				SDKROOT = iphoneos;
				SWIFT_OPTIMIZATION_LEVEL = "-Owholemodule";
				VALIDATE_PRODUCT = YES;
			};
			name = Release;
		};
		D8FF9B701DA3FA0400663BA6 /* Debug */ = {
			isa = XCBuildConfiguration;
			baseConfigurationReference = 7B5100CEEC35B77119F9C361 /* Pods-Pantry Pal.debug.xcconfig */;
			buildSettings = {
				ALWAYS_EMBED_SWIFT_STANDARD_LIBRARIES = YES;
				ALWAYS_SEARCH_USER_PATHS = YES;
				ASSETCATALOG_COMPILER_APPICON_NAME = AppIcon;
				CLANG_ENABLE_MODULES = YES;
				"CODE_SIGN_IDENTITY[sdk=iphoneos*]" = "iPhone Developer";
				DEVELOPMENT_TEAM = Z9M2F36B5A;
				HEADER_SEARCH_PATHS = "\"${SRCROOT}\"/**";
				INFOPLIST_FILE = "Pantry Pal/Info.plist";
				LD_RUNPATH_SEARCH_PATHS = "$(inherited) @executable_path/Frameworks";
				PRODUCT_BUNDLE_IDENTIFIER = "com.Bama.Pantry-Pal";
				PRODUCT_NAME = "$(TARGET_NAME)";
				PROVISIONING_PROFILE_SPECIFIER = "";
				SWIFT_OBJC_BRIDGING_HEADER = "Pantry Pal/Pantry Pal-Bridging-Header.h";
				SWIFT_OPTIMIZATION_LEVEL = "-Onone";
				SWIFT_VERSION = 2.3;
			};
			name = Debug;
		};
		D8FF9B711DA3FA0400663BA6 /* Release */ = {
			isa = XCBuildConfiguration;
			baseConfigurationReference = 5DA35ECCC27C328086AB46F9 /* Pods-Pantry Pal.release.xcconfig */;
			buildSettings = {
				ALWAYS_EMBED_SWIFT_STANDARD_LIBRARIES = YES;
				ALWAYS_SEARCH_USER_PATHS = YES;
				ASSETCATALOG_COMPILER_APPICON_NAME = AppIcon;
				CLANG_ENABLE_MODULES = YES;
				"CODE_SIGN_IDENTITY[sdk=iphoneos*]" = "iPhone Developer";
				DEVELOPMENT_TEAM = Z9M2F36B5A;
				HEADER_SEARCH_PATHS = "\"${SRCROOT}\"/**";
				INFOPLIST_FILE = "Pantry Pal/Info.plist";
				LD_RUNPATH_SEARCH_PATHS = "$(inherited) @executable_path/Frameworks";
				PRODUCT_BUNDLE_IDENTIFIER = "com.Bama.Pantry-Pal";
				PRODUCT_NAME = "$(TARGET_NAME)";
				PROVISIONING_PROFILE_SPECIFIER = "";
				SWIFT_OBJC_BRIDGING_HEADER = "Pantry Pal/Pantry Pal-Bridging-Header.h";
				SWIFT_VERSION = 2.3;
			};
			name = Release;
		};
/* End XCBuildConfiguration section */

/* Begin XCConfigurationList section */
		D8FF9B581DA3FA0400663BA6 /* Build configuration list for PBXProject "Pantry Pal" */ = {
			isa = XCConfigurationList;
			buildConfigurations = (
				D8FF9B6D1DA3FA0400663BA6 /* Debug */,
				D8FF9B6E1DA3FA0400663BA6 /* Release */,
			);
			defaultConfigurationIsVisible = 0;
			defaultConfigurationName = Release;
		};
		D8FF9B6F1DA3FA0400663BA6 /* Build configuration list for PBXNativeTarget "Pantry Pal" */ = {
			isa = XCConfigurationList;
			buildConfigurations = (
				D8FF9B701DA3FA0400663BA6 /* Debug */,
				D8FF9B711DA3FA0400663BA6 /* Release */,
			);
			defaultConfigurationIsVisible = 0;
			defaultConfigurationName = Release;
		};
/* End XCConfigurationList section */
	};
	rootObject = D8FF9B551DA3FA0400663BA6 /* Project object */;
}
